
Microsoft Visual Studio Solution File, Format Version 12.00
# Visual Studio Version 17
VisualStudioVersion = 17.3.32929.385
MinimumVisualStudioVersion = 10.0.40219.1
Project("{FAE04EC0-301F-11D3-BF4B-00C04F79EFBC}") = "Do_an_CNPM_nhom4", "Do_an_CNPM_nhom4.csproj", "{846D3B12-FAEB-4F64-9FA6-48E5AB6F9650}"
EndProject
Global
	GlobalSection(SolutionConfigurationPlatforms) = preSolution
		Debug|Any CPU = Debug|Any CPU
		Release|Any CPU = Release|Any CPU
	EndGlobalSection
	GlobalSection(ProjectConfigurationPlatforms) = postSolution
		{846D3B12-FAEB-4F64-9FA6-48E5AB6F9650}.Debug|Any CPU.ActiveCfg = Debug|Any CPU
		{846D3B12-FAEB-4F64-9FA6-48E5AB6F9650}.Debug|Any CPU.Build.0 = Debug|Any CPU
		{846D3B12-FAEB-4F64-9FA6-48E5AB6F9650}.Release|Any CPU.ActiveCfg = Release|Any CPU
		{846D3B12-FAEB-4F64-9FA6-48E5AB6F9650}.Release|Any CPU.Build.0 = Release|Any CPU
	EndGlobalSection
	GlobalSection(SolutionProperties) = preSolution
		HideSolutionNode = FALSE
	EndGlobalSection
	GlobalSection(ExtensibilityGlobals) = postSolution
		SolutionGuid = {B19DC553-EB02-4983-8AF7-CB6F17CF2578}
	EndGlobalSection
EndGlobal
